
Microsoft Visual Studio Solution File, Format Version 12.00
# Visual Studio 2013
VisualStudioVersion = 12.0.21005.1
MinimumVisualStudioVersion = 10.0.40219.1
Project("{2150E333-8FDC-42A3-9474-1A3956D46DE8}") = "Common", "Common", "{1FE63FE2-BB97-4AE3-930B-FE31378EA5B4}"
EndProject
Project("{FAE04EC0-301F-11D3-BF4B-00C04F79EFBC}") = "Shoy.AjaxHelper", "Shoy.AjaxHelper\Shoy.AjaxHelper.csproj", "{9E88EA58-47B6-4871-8EFD-8F7E9D3CB7BC}"
EndProject
Project("{FAE04EC0-301F-11D3-BF4B-00C04F79EFBC}") = "Shoy.Data", "Shoy.Data\Shoy.Data.csproj", "{76179A72-565B-4F81-8D35-874F032D410D}"
EndProject
Project("{FAE04EC0-301F-11D3-BF4B-00C04F79EFBC}") = "Shoy.HttpCompress", "Shoy.HttpCompress\Shoy.HttpCompress.csproj", "{6DE06B4B-D4AE-4ECE-89B3-842C1E3C233A}"
EndProject
Project("{FAE04EC0-301F-11D3-BF4B-00C04F79EFBC}") = "Shoy.MemCached", "Shoy.MemCached\Shoy.MemCached.csproj", "{C39E0BBA-AB80-4D3E-9C13-6C6BBB33EB58}"
EndProject
Project("{FAE04EC0-301F-11D3-BF4B-00C04F79EFBC}") = "Shoy.OnlinePay", "Shoy.OnlinePay\Shoy.OnlinePay.csproj", "{7194A643-91C1-4173-913D-7D7A4A402E71}"
EndProject
Project("{FAE04EC0-301F-11D3-BF4B-00C04F79EFBC}") = "Shoy.OtherPlatform", "Shoy.OtherPlatform\Shoy.OtherPlatform.csproj", "{905AE039-4EB4-4703-AC79-5541CB4641B4}"
EndProject
Project("{FAE04EC0-301F-11D3-BF4B-00C04F79EFBC}") = "Shoy.Spiders", "Shoy.Spiders\Shoy.Spiders.csproj", "{3564F991-56ED-40EE-8B19-97C7829BA701}"
EndProject
Project("{FAE04EC0-301F-11D3-BF4B-00C04F79EFBC}") = "Shoy.UrlRewriter", "Shoy.UrlRewriter\Shoy.UrlRewriter.csproj", "{9C916DFC-1C1F-4404-89FA-898832B45EA1}"
EndProject
Project("{FAE04EC0-301F-11D3-BF4B-00C04F79EFBC}") = "Shoy.Utility", "Shoy.Utility\Shoy.Utility.csproj", "{DF571B38-A2DD-4653-A5EA-3F8E41AC5571}"
EndProject
Project("{2150E333-8FDC-42A3-9474-1A3956D46DE8}") = "Test", "Test", "{D0D88D78-BA15-4A1A-9832-B19987A6C6FF}"
EndProject
Project("{FAE04EC0-301F-11D3-BF4B-00C04F79EFBC}") = "ShoyConsoleTest", "ShoyConsoleTest\ShoyConsoleTest.csproj", "{86D24CEC-F41D-4886-8450-AD3520788B06}"
EndProject
Project("{FAE04EC0-301F-11D3-BF4B-00C04F79EFBC}") = "ShoyTest", "ShoyTest\ShoyTest.csproj", "{CEF2AEE0-01C4-49AF-8881-4B15D40A493C}"
EndProject
Global
	GlobalSection(SolutionConfigurationPlatforms) = preSolution
		Debug|Any CPU = Debug|Any CPU
		Release|Any CPU = Release|Any CPU
	EndGlobalSection
	GlobalSection(ProjectConfigurationPlatforms) = postSolution
		{9E88EA58-47B6-4871-8EFD-8F7E9D3CB7BC}.Debug|Any CPU.ActiveCfg = Debug|Any CPU
		{9E88EA58-47B6-4871-8EFD-8F7E9D3CB7BC}.Debug|Any CPU.Build.0 = Debug|Any CPU
		{9E88EA58-47B6-4871-8EFD-8F7E9D3CB7BC}.Release|Any CPU.ActiveCfg = Release|Any CPU
		{9E88EA58-47B6-4871-8EFD-8F7E9D3CB7BC}.Release|Any CPU.Build.0 = Release|Any CPU
		{76179A72-565B-4F81-8D35-874F032D410D}.Debug|Any CPU.ActiveCfg = Debug|Any CPU
		{76179A72-565B-4F81-8D35-874F032D410D}.Debug|Any CPU.Build.0 = Debug|Any CPU
		{76179A72-565B-4F81-8D35-874F032D410D}.Release|Any CPU.ActiveCfg = Release|Any CPU
		{76179A72-565B-4F81-8D35-874F032D410D}.Release|Any CPU.Build.0 = Release|Any CPU
		{6DE06B4B-D4AE-4ECE-89B3-842C1E3C233A}.Debug|Any CPU.ActiveCfg = Debug|Any CPU
		{6DE06B4B-D4AE-4ECE-89B3-842C1E3C233A}.Debug|Any CPU.Build.0 = Debug|Any CPU
		{6DE06B4B-D4AE-4ECE-89B3-842C1E3C233A}.Release|Any CPU.ActiveCfg = Release|Any CPU
		{6DE06B4B-D4AE-4ECE-89B3-842C1E3C233A}.Release|Any CPU.Build.0 = Release|Any CPU
		{C39E0BBA-AB80-4D3E-9C13-6C6BBB33EB58}.Debug|Any CPU.ActiveCfg = Debug|Any CPU
		{C39E0BBA-AB80-4D3E-9C13-6C6BBB33EB58}.Debug|Any CPU.Build.0 = Debug|Any CPU
		{C39E0BBA-AB80-4D3E-9C13-6C6BBB33EB58}.Release|Any CPU.ActiveCfg = Release|Any CPU
		{C39E0BBA-AB80-4D3E-9C13-6C6BBB33EB58}.Release|Any CPU.Build.0 = Release|Any CPU
		{7194A643-91C1-4173-913D-7D7A4A402E71}.Debug|Any CPU.ActiveCfg = Debug|Any CPU
		{7194A643-91C1-4173-913D-7D7A4A402E71}.Debug|Any CPU.Build.0 = Debug|Any CPU
		{7194A643-91C1-4173-913D-7D7A4A402E71}.Release|Any CPU.ActiveCfg = Release|Any CPU
		{7194A643-91C1-4173-913D-7D7A4A402E71}.Release|Any CPU.Build.0 = Release|Any CPU
		{905AE039-4EB4-4703-AC79-5541CB4641B4}.Debug|Any CPU.ActiveCfg = Debug|Any CPU
		{905AE039-4EB4-4703-AC79-5541CB4641B4}.Debug|Any CPU.Build.0 = Debug|Any CPU
		{905AE039-4EB4-4703-AC79-5541CB4641B4}.Release|Any CPU.ActiveCfg = Release|Any CPU
		{905AE039-4EB4-4703-AC79-5541CB4641B4}.Release|Any CPU.Build.0 = Release|Any CPU
		{3564F991-56ED-40EE-8B19-97C7829BA701}.Debug|Any CPU.ActiveCfg = Debug|Any CPU
		{3564F991-56ED-40EE-8B19-97C7829BA701}.Debug|Any CPU.Build.0 = Debug|Any CPU
		{3564F991-56ED-40EE-8B19-97C7829BA701}.Release|Any CPU.ActiveCfg = Release|Any CPU
		{3564F991-56ED-40EE-8B19-97C7829BA701}.Release|Any CPU.Build.0 = Release|Any CPU
		{9C916DFC-1C1F-4404-89FA-898832B45EA1}.Debug|Any CPU.ActiveCfg = Debug|Any CPU
		{9C916DFC-1C1F-4404-89FA-898832B45EA1}.Debug|Any CPU.Build.0 = Debug|Any CPU
		{9C916DFC-1C1F-4404-89FA-898832B45EA1}.Release|Any CPU.ActiveCfg = Release|Any CPU
		{9C916DFC-1C1F-4404-89FA-898832B45EA1}.Release|Any CPU.Build.0 = Release|Any CPU
		{DF571B38-A2DD-4653-A5EA-3F8E41AC5571}.Debug|Any CPU.ActiveCfg = Debug|Any CPU
		{DF571B38-A2DD-4653-A5EA-3F8E41AC5571}.Debug|Any CPU.Build.0 = Debug|Any CPU
		{DF571B38-A2DD-4653-A5EA-3F8E41AC5571}.Release|Any CPU.ActiveCfg = Release|Any CPU
		{DF571B38-A2DD-4653-A5EA-3F8E41AC5571}.Release|Any CPU.Build.0 = Release|Any CPU
		{86D24CEC-F41D-4886-8450-AD3520788B06}.Debug|Any CPU.ActiveCfg = Debug|Any CPU
		{86D24CEC-F41D-4886-8450-AD3520788B06}.Debug|Any CPU.Build.0 = Debug|Any CPU
		{86D24CEC-F41D-4886-8450-AD3520788B06}.Release|Any CPU.ActiveCfg = Release|Any CPU
		{86D24CEC-F41D-4886-8450-AD3520788B06}.Release|Any CPU.Build.0 = Release|Any CPU
		{CEF2AEE0-01C4-49AF-8881-4B15D40A493C}.Debug|Any CPU.ActiveCfg = Debug|Any CPU
		{CEF2AEE0-01C4-49AF-8881-4B15D40A493C}.Debug|Any CPU.Build.0 = Debug|Any CPU
		{CEF2AEE0-01C4-49AF-8881-4B15D40A493C}.Release|Any CPU.ActiveCfg = Release|Any CPU
		{CEF2AEE0-01C4-49AF-8881-4B15D40A493C}.Release|Any CPU.Build.0 = Release|Any CPU
	EndGlobalSection
	GlobalSection(SolutionProperties) = preSolution
		HideSolutionNode = FALSE
	EndGlobalSection
	GlobalSection(NestedProjects) = preSolution
		{9E88EA58-47B6-4871-8EFD-8F7E9D3CB7BC} = {1FE63FE2-BB97-4AE3-930B-FE31378EA5B4}
		{76179A72-565B-4F81-8D35-874F032D410D} = {1FE63FE2-BB97-4AE3-930B-FE31378EA5B4}
		{6DE06B4B-D4AE-4ECE-89B3-842C1E3C233A} = {1FE63FE2-BB97-4AE3-930B-FE31378EA5B4}
		{C39E0BBA-AB80-4D3E-9C13-6C6BBB33EB58} = {1FE63FE2-BB97-4AE3-930B-FE31378EA5B4}
		{7194A643-91C1-4173-913D-7D7A4A402E71} = {1FE63FE2-BB97-4AE3-930B-FE31378EA5B4}
		{905AE039-4EB4-4703-AC79-5541CB4641B4} = {1FE63FE2-BB97-4AE3-930B-FE31378EA5B4}
		{3564F991-56ED-40EE-8B19-97C7829BA701} = {1FE63FE2-BB97-4AE3-930B-FE31378EA5B4}
		{9C916DFC-1C1F-4404-89FA-898832B45EA1} = {1FE63FE2-BB97-4AE3-930B-FE31378EA5B4}
		{DF571B38-A2DD-4653-A5EA-3F8E41AC5571} = {1FE63FE2-BB97-4AE3-930B-FE31378EA5B4}
		{86D24CEC-F41D-4886-8450-AD3520788B06} = {D0D88D78-BA15-4A1A-9832-B19987A6C6FF}
		{CEF2AEE0-01C4-49AF-8881-4B15D40A493C} = {D0D88D78-BA15-4A1A-9832-B19987A6C6FF}
	EndGlobalSection
EndGlobal
