
Microsoft Visual Studio Solution File, Format Version 12.00
# Visual Studio 2013
VisualStudioVersion = 12.0.30501.0
MinimumVisualStudioVersion = 10.0.40219.1
Project("{2150E333-8FDC-42A3-9474-1A3956D46DE8}") = "01-Common", "01-Common", "{1FE63FE2-BB97-4AE3-930B-FE31378EA5B4}"
EndProject
Project("{2150E333-8FDC-42A3-9474-1A3956D46DE8}") = "03-Test", "03-Test", "{D0D88D78-BA15-4A1A-9832-B19987A6C6FF}"
EndProject
Project("{FAE04EC0-301F-11D3-BF4B-00C04F79EFBC}") = "Shoy.AjaxHelper", "Common\Shoy.AjaxHelper\Shoy.AjaxHelper.csproj", "{9E88EA58-47B6-4871-8EFD-8F7E9D3CB7BC}"
EndProject
Project("{FAE04EC0-301F-11D3-BF4B-00C04F79EFBC}") = "Shoy.Data", "Common\Shoy.Data\Shoy.Data.csproj", "{76179A72-565B-4F81-8D35-874F032D410D}"
EndProject
Project("{FAE04EC0-301F-11D3-BF4B-00C04F79EFBC}") = "Shoy.HttpCompress", "Common\Shoy.HttpCompress\Shoy.HttpCompress.csproj", "{6DE06B4B-D4AE-4ECE-89B3-842C1E3C233A}"
EndProject
Project("{FAE04EC0-301F-11D3-BF4B-00C04F79EFBC}") = "Shoy.Laboratory", "Common\Shoy.Laboratory\Shoy.Laboratory.csproj", "{44071857-A867-4C82-8C0E-18E0DF13B256}"
EndProject
Project("{FAE04EC0-301F-11D3-BF4B-00C04F79EFBC}") = "Shoy.MemCached", "Common\Shoy.MemCached\Shoy.MemCached.csproj", "{C39E0BBA-AB80-4D3E-9C13-6C6BBB33EB58}"
EndProject
Project("{FAE04EC0-301F-11D3-BF4B-00C04F79EFBC}") = "Shoy.MvcPlugin", "Common\Shoy.MvcPlugin\Shoy.MvcPlugin.csproj", "{0A9405F4-8CDE-482C-9585-515D720FD05A}"
EndProject
Project("{FAE04EC0-301F-11D3-BF4B-00C04F79EFBC}") = "Shoy.OnlinePay", "Common\Shoy.OnlinePay\Shoy.OnlinePay.csproj", "{7194A643-91C1-4173-913D-7D7A4A402E71}"
EndProject
Project("{FAE04EC0-301F-11D3-BF4B-00C04F79EFBC}") = "Shoy.Solr", "Common\Shoy.Solr\Shoy.Solr.csproj", "{C13E1458-F8C2-4FD8-BCE7-2A0E752BBAE1}"
EndProject
Project("{FAE04EC0-301F-11D3-BF4B-00C04F79EFBC}") = "Shoy.Spiders", "Common\Shoy.Spiders\Shoy.Spiders.csproj", "{3564F991-56ED-40EE-8B19-97C7829BA701}"
EndProject
Project("{FAE04EC0-301F-11D3-BF4B-00C04F79EFBC}") = "Shoy.UrlRewriter", "Common\Shoy.UrlRewriter\Shoy.UrlRewriter.csproj", "{9C916DFC-1C1F-4404-89FA-898832B45EA1}"
EndProject
Project("{FAE04EC0-301F-11D3-BF4B-00C04F79EFBC}") = "Shoy.Utility", "Common\Shoy.Utility\Shoy.Utility.csproj", "{DF571B38-A2DD-4653-A5EA-3F8E41AC5571}"
EndProject
Project("{FAE04EC0-301F-11D3-BF4B-00C04F79EFBC}") = "Shoy.Demo", "Test\Shoy.Demo\Shoy.Demo.csproj", "{B0354C05-00D1-4E45-BBBF-18BA301587C8}"
EndProject
Project("{FAE04EC0-301F-11D3-BF4B-00C04F79EFBC}") = "Shoy.Test", "Test\Shoy.Test\Shoy.Test.csproj", "{D4A1A3F0-5BE3-41BE-B3CC-7F117597582A}"
EndProject
Project("{2150E333-8FDC-42A3-9474-1A3956D46DE8}") = "Remoting", "Remoting", "{7D3F7114-9378-4839-9400-F8B77AD2DED1}"
EndProject
Project("{FAE04EC0-301F-11D3-BF4B-00C04F79EFBC}") = "RemotingClient", "Test\RemotingClient\RemotingClient.csproj", "{5DA08AA1-F29A-47FE-94D7-4DC805A09CD2}"
EndProject
Project("{FAE04EC0-301F-11D3-BF4B-00C04F79EFBC}") = "RemotingModels", "Test\RemotingModels\RemotingModels.csproj", "{58D31673-D285-460E-AAFA-991C86491DD7}"
EndProject
Project("{FAE04EC0-301F-11D3-BF4B-00C04F79EFBC}") = "RemotingService", "Test\RemotingService\RemotingService.csproj", "{22618C82-722C-483E-B490-5EE59996AA2C}"
EndProject
Project("{2150E333-8FDC-42A3-9474-1A3956D46DE8}") = "02-WebUI", "02-WebUI", "{B34042D7-E53D-4443-9D86-0F8ADFFC769C}"
EndProject
Project("{FAE04EC0-301F-11D3-BF4B-00C04F79EFBC}") = "Shoy.Ued", "WebUI\Shoy.Ued\Shoy.Ued.csproj", "{2C8B0F0B-898D-4168-9742-A4EF1FC469B7}"
EndProject
Project("{FAE04EC0-301F-11D3-BF4B-00C04F79EFBC}") = "Shoy.Services", "Common\Shoy.Services\Shoy.Services.csproj", "{2526DEB6-4114-4FEB-8601-A4B4D9DB7467}"
EndProject
Project("{FAE04EC0-301F-11D3-BF4B-00C04F79EFBC}") = "Shoy.Backgrounder", "Common\Shoy.Backgrounder\Shoy.Backgrounder.csproj", "{2A4BC558-9218-4B72-ADE3-6A7FA237AAEC}"
EndProject
Project("{FAE04EC0-301F-11D3-BF4B-00C04F79EFBC}") = "Shoy.ThirdPlatform", "Common\Shoy.ThirdPlatform\Shoy.ThirdPlatform.csproj", "{905AE039-4EB4-4703-AC79-5541CB4641B4}"
EndProject
Project("{FAE04EC0-301F-11D3-BF4B-00C04F79EFBC}") = "Shoy.FileSystem", "WebUI\Shoy.FileSystem\Shoy.FileSystem.csproj", "{6318C088-E07F-4525-8A95-6F35F7FF28F2}"
EndProject
Project("{FAE04EC0-301F-11D3-BF4B-00C04F79EFBC}") = "Shoy.DubboWeb", "Test\Shoy.DubboWeb\Shoy.DubboWeb.csproj", "{058BFC95-905A-41B6-BCEA-6820E7948FBF}"
EndProject
Global
	GlobalSection(SolutionConfigurationPlatforms) = preSolution
		Debug|Any CPU = Debug|Any CPU
		Debug|Mixed Platforms = Debug|Mixed Platforms
		Debug|x86 = Debug|x86
		Release|Any CPU = Release|Any CPU
		Release|Mixed Platforms = Release|Mixed Platforms
		Release|x86 = Release|x86
	EndGlobalSection
	GlobalSection(ProjectConfigurationPlatforms) = postSolution
		{9E88EA58-47B6-4871-8EFD-8F7E9D3CB7BC}.Debug|Any CPU.ActiveCfg = Debug|Any CPU
		{9E88EA58-47B6-4871-8EFD-8F7E9D3CB7BC}.Debug|Any CPU.Build.0 = Debug|Any CPU
		{9E88EA58-47B6-4871-8EFD-8F7E9D3CB7BC}.Debug|Mixed Platforms.ActiveCfg = Debug|Any CPU
		{9E88EA58-47B6-4871-8EFD-8F7E9D3CB7BC}.Debug|Mixed Platforms.Build.0 = Debug|Any CPU
		{9E88EA58-47B6-4871-8EFD-8F7E9D3CB7BC}.Debug|x86.ActiveCfg = Debug|Any CPU
		{9E88EA58-47B6-4871-8EFD-8F7E9D3CB7BC}.Release|Any CPU.ActiveCfg = Release|Any CPU
		{9E88EA58-47B6-4871-8EFD-8F7E9D3CB7BC}.Release|Any CPU.Build.0 = Release|Any CPU
		{9E88EA58-47B6-4871-8EFD-8F7E9D3CB7BC}.Release|Mixed Platforms.ActiveCfg = Release|Any CPU
		{9E88EA58-47B6-4871-8EFD-8F7E9D3CB7BC}.Release|Mixed Platforms.Build.0 = Release|Any CPU
		{9E88EA58-47B6-4871-8EFD-8F7E9D3CB7BC}.Release|x86.ActiveCfg = Release|Any CPU
		{76179A72-565B-4F81-8D35-874F032D410D}.Debug|Any CPU.ActiveCfg = Debug|Any CPU
		{76179A72-565B-4F81-8D35-874F032D410D}.Debug|Any CPU.Build.0 = Debug|Any CPU
		{76179A72-565B-4F81-8D35-874F032D410D}.Debug|Mixed Platforms.ActiveCfg = Debug|Any CPU
		{76179A72-565B-4F81-8D35-874F032D410D}.Debug|Mixed Platforms.Build.0 = Debug|Any CPU
		{76179A72-565B-4F81-8D35-874F032D410D}.Debug|x86.ActiveCfg = Debug|Any CPU
		{76179A72-565B-4F81-8D35-874F032D410D}.Release|Any CPU.ActiveCfg = Release|Any CPU
		{76179A72-565B-4F81-8D35-874F032D410D}.Release|Any CPU.Build.0 = Release|Any CPU
		{76179A72-565B-4F81-8D35-874F032D410D}.Release|Mixed Platforms.ActiveCfg = Release|Any CPU
		{76179A72-565B-4F81-8D35-874F032D410D}.Release|Mixed Platforms.Build.0 = Release|Any CPU
		{76179A72-565B-4F81-8D35-874F032D410D}.Release|x86.ActiveCfg = Release|Any CPU
		{6DE06B4B-D4AE-4ECE-89B3-842C1E3C233A}.Debug|Any CPU.ActiveCfg = Debug|Any CPU
		{6DE06B4B-D4AE-4ECE-89B3-842C1E3C233A}.Debug|Any CPU.Build.0 = Debug|Any CPU
		{6DE06B4B-D4AE-4ECE-89B3-842C1E3C233A}.Debug|Mixed Platforms.ActiveCfg = Debug|Any CPU
		{6DE06B4B-D4AE-4ECE-89B3-842C1E3C233A}.Debug|Mixed Platforms.Build.0 = Debug|Any CPU
		{6DE06B4B-D4AE-4ECE-89B3-842C1E3C233A}.Debug|x86.ActiveCfg = Debug|Any CPU
		{6DE06B4B-D4AE-4ECE-89B3-842C1E3C233A}.Release|Any CPU.ActiveCfg = Release|Any CPU
		{6DE06B4B-D4AE-4ECE-89B3-842C1E3C233A}.Release|Any CPU.Build.0 = Release|Any CPU
		{6DE06B4B-D4AE-4ECE-89B3-842C1E3C233A}.Release|Mixed Platforms.ActiveCfg = Release|Any CPU
		{6DE06B4B-D4AE-4ECE-89B3-842C1E3C233A}.Release|Mixed Platforms.Build.0 = Release|Any CPU
		{6DE06B4B-D4AE-4ECE-89B3-842C1E3C233A}.Release|x86.ActiveCfg = Release|Any CPU
		{44071857-A867-4C82-8C0E-18E0DF13B256}.Debug|Any CPU.ActiveCfg = Debug|Any CPU
		{44071857-A867-4C82-8C0E-18E0DF13B256}.Debug|Any CPU.Build.0 = Debug|Any CPU
		{44071857-A867-4C82-8C0E-18E0DF13B256}.Debug|Mixed Platforms.ActiveCfg = Debug|Any CPU
		{44071857-A867-4C82-8C0E-18E0DF13B256}.Debug|Mixed Platforms.Build.0 = Debug|Any CPU
		{44071857-A867-4C82-8C0E-18E0DF13B256}.Debug|x86.ActiveCfg = Debug|Any CPU
		{44071857-A867-4C82-8C0E-18E0DF13B256}.Release|Any CPU.ActiveCfg = Release|Any CPU
		{44071857-A867-4C82-8C0E-18E0DF13B256}.Release|Any CPU.Build.0 = Release|Any CPU
		{44071857-A867-4C82-8C0E-18E0DF13B256}.Release|Mixed Platforms.ActiveCfg = Release|Any CPU
		{44071857-A867-4C82-8C0E-18E0DF13B256}.Release|Mixed Platforms.Build.0 = Release|Any CPU
		{44071857-A867-4C82-8C0E-18E0DF13B256}.Release|x86.ActiveCfg = Release|Any CPU
		{C39E0BBA-AB80-4D3E-9C13-6C6BBB33EB58}.Debug|Any CPU.ActiveCfg = Debug|Any CPU
		{C39E0BBA-AB80-4D3E-9C13-6C6BBB33EB58}.Debug|Any CPU.Build.0 = Debug|Any CPU
		{C39E0BBA-AB80-4D3E-9C13-6C6BBB33EB58}.Debug|Mixed Platforms.ActiveCfg = Debug|Any CPU
		{C39E0BBA-AB80-4D3E-9C13-6C6BBB33EB58}.Debug|Mixed Platforms.Build.0 = Debug|Any CPU
		{C39E0BBA-AB80-4D3E-9C13-6C6BBB33EB58}.Debug|x86.ActiveCfg = Debug|Any CPU
		{C39E0BBA-AB80-4D3E-9C13-6C6BBB33EB58}.Release|Any CPU.ActiveCfg = Release|Any CPU
		{C39E0BBA-AB80-4D3E-9C13-6C6BBB33EB58}.Release|Any CPU.Build.0 = Release|Any CPU
		{C39E0BBA-AB80-4D3E-9C13-6C6BBB33EB58}.Release|Mixed Platforms.ActiveCfg = Release|Any CPU
		{C39E0BBA-AB80-4D3E-9C13-6C6BBB33EB58}.Release|Mixed Platforms.Build.0 = Release|Any CPU
		{C39E0BBA-AB80-4D3E-9C13-6C6BBB33EB58}.Release|x86.ActiveCfg = Release|Any CPU
		{0A9405F4-8CDE-482C-9585-515D720FD05A}.Debug|Any CPU.ActiveCfg = Debug|Any CPU
		{0A9405F4-8CDE-482C-9585-515D720FD05A}.Debug|Any CPU.Build.0 = Debug|Any CPU
		{0A9405F4-8CDE-482C-9585-515D720FD05A}.Debug|Mixed Platforms.ActiveCfg = Debug|Any CPU
		{0A9405F4-8CDE-482C-9585-515D720FD05A}.Debug|Mixed Platforms.Build.0 = Debug|Any CPU
		{0A9405F4-8CDE-482C-9585-515D720FD05A}.Debug|x86.ActiveCfg = Debug|Any CPU
		{0A9405F4-8CDE-482C-9585-515D720FD05A}.Release|Any CPU.ActiveCfg = Release|Any CPU
		{0A9405F4-8CDE-482C-9585-515D720FD05A}.Release|Any CPU.Build.0 = Release|Any CPU
		{0A9405F4-8CDE-482C-9585-515D720FD05A}.Release|Mixed Platforms.ActiveCfg = Release|Any CPU
		{0A9405F4-8CDE-482C-9585-515D720FD05A}.Release|Mixed Platforms.Build.0 = Release|Any CPU
		{0A9405F4-8CDE-482C-9585-515D720FD05A}.Release|x86.ActiveCfg = Release|Any CPU
		{7194A643-91C1-4173-913D-7D7A4A402E71}.Debug|Any CPU.ActiveCfg = Debug|Any CPU
		{7194A643-91C1-4173-913D-7D7A4A402E71}.Debug|Any CPU.Build.0 = Debug|Any CPU
		{7194A643-91C1-4173-913D-7D7A4A402E71}.Debug|Mixed Platforms.ActiveCfg = Debug|Any CPU
		{7194A643-91C1-4173-913D-7D7A4A402E71}.Debug|Mixed Platforms.Build.0 = Debug|Any CPU
		{7194A643-91C1-4173-913D-7D7A4A402E71}.Debug|x86.ActiveCfg = Debug|Any CPU
		{7194A643-91C1-4173-913D-7D7A4A402E71}.Release|Any CPU.ActiveCfg = Release|Any CPU
		{7194A643-91C1-4173-913D-7D7A4A402E71}.Release|Any CPU.Build.0 = Release|Any CPU
		{7194A643-91C1-4173-913D-7D7A4A402E71}.Release|Mixed Platforms.ActiveCfg = Release|Any CPU
		{7194A643-91C1-4173-913D-7D7A4A402E71}.Release|Mixed Platforms.Build.0 = Release|Any CPU
		{7194A643-91C1-4173-913D-7D7A4A402E71}.Release|x86.ActiveCfg = Release|Any CPU
		{C13E1458-F8C2-4FD8-BCE7-2A0E752BBAE1}.Debug|Any CPU.ActiveCfg = Debug|Any CPU
		{C13E1458-F8C2-4FD8-BCE7-2A0E752BBAE1}.Debug|Any CPU.Build.0 = Debug|Any CPU
		{C13E1458-F8C2-4FD8-BCE7-2A0E752BBAE1}.Debug|Mixed Platforms.ActiveCfg = Debug|Any CPU
		{C13E1458-F8C2-4FD8-BCE7-2A0E752BBAE1}.Debug|Mixed Platforms.Build.0 = Debug|Any CPU
		{C13E1458-F8C2-4FD8-BCE7-2A0E752BBAE1}.Debug|x86.ActiveCfg = Debug|Any CPU
		{C13E1458-F8C2-4FD8-BCE7-2A0E752BBAE1}.Release|Any CPU.ActiveCfg = Release|Any CPU
		{C13E1458-F8C2-4FD8-BCE7-2A0E752BBAE1}.Release|Any CPU.Build.0 = Release|Any CPU
		{C13E1458-F8C2-4FD8-BCE7-2A0E752BBAE1}.Release|Mixed Platforms.ActiveCfg = Release|Any CPU
		{C13E1458-F8C2-4FD8-BCE7-2A0E752BBAE1}.Release|Mixed Platforms.Build.0 = Release|Any CPU
		{C13E1458-F8C2-4FD8-BCE7-2A0E752BBAE1}.Release|x86.ActiveCfg = Release|Any CPU
		{3564F991-56ED-40EE-8B19-97C7829BA701}.Debug|Any CPU.ActiveCfg = Debug|Any CPU
		{3564F991-56ED-40EE-8B19-97C7829BA701}.Debug|Any CPU.Build.0 = Debug|Any CPU
		{3564F991-56ED-40EE-8B19-97C7829BA701}.Debug|Mixed Platforms.ActiveCfg = Debug|Any CPU
		{3564F991-56ED-40EE-8B19-97C7829BA701}.Debug|Mixed Platforms.Build.0 = Debug|Any CPU
		{3564F991-56ED-40EE-8B19-97C7829BA701}.Debug|x86.ActiveCfg = Debug|Any CPU
		{3564F991-56ED-40EE-8B19-97C7829BA701}.Release|Any CPU.ActiveCfg = Release|Any CPU
		{3564F991-56ED-40EE-8B19-97C7829BA701}.Release|Any CPU.Build.0 = Release|Any CPU
		{3564F991-56ED-40EE-8B19-97C7829BA701}.Release|Mixed Platforms.ActiveCfg = Release|Any CPU
		{3564F991-56ED-40EE-8B19-97C7829BA701}.Release|Mixed Platforms.Build.0 = Release|Any CPU
		{3564F991-56ED-40EE-8B19-97C7829BA701}.Release|x86.ActiveCfg = Release|Any CPU
		{9C916DFC-1C1F-4404-89FA-898832B45EA1}.Debug|Any CPU.ActiveCfg = Debug|Any CPU
		{9C916DFC-1C1F-4404-89FA-898832B45EA1}.Debug|Any CPU.Build.0 = Debug|Any CPU
		{9C916DFC-1C1F-4404-89FA-898832B45EA1}.Debug|Mixed Platforms.ActiveCfg = Debug|Any CPU
		{9C916DFC-1C1F-4404-89FA-898832B45EA1}.Debug|Mixed Platforms.Build.0 = Debug|Any CPU
		{9C916DFC-1C1F-4404-89FA-898832B45EA1}.Debug|x86.ActiveCfg = Debug|Any CPU
		{9C916DFC-1C1F-4404-89FA-898832B45EA1}.Release|Any CPU.ActiveCfg = Release|Any CPU
		{9C916DFC-1C1F-4404-89FA-898832B45EA1}.Release|Any CPU.Build.0 = Release|Any CPU
		{9C916DFC-1C1F-4404-89FA-898832B45EA1}.Release|Mixed Platforms.ActiveCfg = Release|Any CPU
		{9C916DFC-1C1F-4404-89FA-898832B45EA1}.Release|Mixed Platforms.Build.0 = Release|Any CPU
		{9C916DFC-1C1F-4404-89FA-898832B45EA1}.Release|x86.ActiveCfg = Release|Any CPU
		{DF571B38-A2DD-4653-A5EA-3F8E41AC5571}.Debug|Any CPU.ActiveCfg = Debug|Any CPU
		{DF571B38-A2DD-4653-A5EA-3F8E41AC5571}.Debug|Any CPU.Build.0 = Debug|Any CPU
		{DF571B38-A2DD-4653-A5EA-3F8E41AC5571}.Debug|Mixed Platforms.ActiveCfg = Debug|Any CPU
		{DF571B38-A2DD-4653-A5EA-3F8E41AC5571}.Debug|Mixed Platforms.Build.0 = Debug|Any CPU
		{DF571B38-A2DD-4653-A5EA-3F8E41AC5571}.Debug|x86.ActiveCfg = Debug|Any CPU
		{DF571B38-A2DD-4653-A5EA-3F8E41AC5571}.Release|Any CPU.ActiveCfg = Release|Any CPU
		{DF571B38-A2DD-4653-A5EA-3F8E41AC5571}.Release|Any CPU.Build.0 = Release|Any CPU
		{DF571B38-A2DD-4653-A5EA-3F8E41AC5571}.Release|Mixed Platforms.ActiveCfg = Release|Any CPU
		{DF571B38-A2DD-4653-A5EA-3F8E41AC5571}.Release|Mixed Platforms.Build.0 = Release|Any CPU
		{DF571B38-A2DD-4653-A5EA-3F8E41AC5571}.Release|x86.ActiveCfg = Release|Any CPU
		{B0354C05-00D1-4E45-BBBF-18BA301587C8}.Debug|Any CPU.ActiveCfg = Debug|Any CPU
		{B0354C05-00D1-4E45-BBBF-18BA301587C8}.Debug|Any CPU.Build.0 = Debug|Any CPU
		{B0354C05-00D1-4E45-BBBF-18BA301587C8}.Debug|Mixed Platforms.ActiveCfg = Debug|Any CPU
		{B0354C05-00D1-4E45-BBBF-18BA301587C8}.Debug|Mixed Platforms.Build.0 = Debug|Any CPU
		{B0354C05-00D1-4E45-BBBF-18BA301587C8}.Debug|x86.ActiveCfg = Debug|Any CPU
		{B0354C05-00D1-4E45-BBBF-18BA301587C8}.Release|Any CPU.ActiveCfg = Release|Any CPU
		{B0354C05-00D1-4E45-BBBF-18BA301587C8}.Release|Any CPU.Build.0 = Release|Any CPU
		{B0354C05-00D1-4E45-BBBF-18BA301587C8}.Release|Mixed Platforms.ActiveCfg = Release|Any CPU
		{B0354C05-00D1-4E45-BBBF-18BA301587C8}.Release|Mixed Platforms.Build.0 = Release|Any CPU
		{B0354C05-00D1-4E45-BBBF-18BA301587C8}.Release|x86.ActiveCfg = Release|Any CPU
		{D4A1A3F0-5BE3-41BE-B3CC-7F117597582A}.Debug|Any CPU.ActiveCfg = Debug|Any CPU
		{D4A1A3F0-5BE3-41BE-B3CC-7F117597582A}.Debug|Any CPU.Build.0 = Debug|Any CPU
		{D4A1A3F0-5BE3-41BE-B3CC-7F117597582A}.Debug|Mixed Platforms.ActiveCfg = Debug|Any CPU
		{D4A1A3F0-5BE3-41BE-B3CC-7F117597582A}.Debug|Mixed Platforms.Build.0 = Debug|Any CPU
		{D4A1A3F0-5BE3-41BE-B3CC-7F117597582A}.Debug|x86.ActiveCfg = Debug|Any CPU
		{D4A1A3F0-5BE3-41BE-B3CC-7F117597582A}.Release|Any CPU.ActiveCfg = Release|Any CPU
		{D4A1A3F0-5BE3-41BE-B3CC-7F117597582A}.Release|Any CPU.Build.0 = Release|Any CPU
		{D4A1A3F0-5BE3-41BE-B3CC-7F117597582A}.Release|Mixed Platforms.ActiveCfg = Release|Any CPU
		{D4A1A3F0-5BE3-41BE-B3CC-7F117597582A}.Release|Mixed Platforms.Build.0 = Release|Any CPU
		{D4A1A3F0-5BE3-41BE-B3CC-7F117597582A}.Release|x86.ActiveCfg = Release|Any CPU
		{5DA08AA1-F29A-47FE-94D7-4DC805A09CD2}.Debug|Any CPU.ActiveCfg = Debug|x86
		{5DA08AA1-F29A-47FE-94D7-4DC805A09CD2}.Debug|Mixed Platforms.ActiveCfg = Debug|x86
		{5DA08AA1-F29A-47FE-94D7-4DC805A09CD2}.Debug|Mixed Platforms.Build.0 = Debug|x86
		{5DA08AA1-F29A-47FE-94D7-4DC805A09CD2}.Debug|x86.ActiveCfg = Debug|x86
		{5DA08AA1-F29A-47FE-94D7-4DC805A09CD2}.Debug|x86.Build.0 = Debug|x86
		{5DA08AA1-F29A-47FE-94D7-4DC805A09CD2}.Release|Any CPU.ActiveCfg = Release|x86
		{5DA08AA1-F29A-47FE-94D7-4DC805A09CD2}.Release|Mixed Platforms.ActiveCfg = Release|x86
		{5DA08AA1-F29A-47FE-94D7-4DC805A09CD2}.Release|Mixed Platforms.Build.0 = Release|x86
		{5DA08AA1-F29A-47FE-94D7-4DC805A09CD2}.Release|x86.ActiveCfg = Release|x86
		{5DA08AA1-F29A-47FE-94D7-4DC805A09CD2}.Release|x86.Build.0 = Release|x86
		{58D31673-D285-460E-AAFA-991C86491DD7}.Debug|Any CPU.ActiveCfg = Debug|Any CPU
		{58D31673-D285-460E-AAFA-991C86491DD7}.Debug|Any CPU.Build.0 = Debug|Any CPU
		{58D31673-D285-460E-AAFA-991C86491DD7}.Debug|Mixed Platforms.ActiveCfg = Debug|Any CPU
		{58D31673-D285-460E-AAFA-991C86491DD7}.Debug|Mixed Platforms.Build.0 = Debug|Any CPU
		{58D31673-D285-460E-AAFA-991C86491DD7}.Debug|x86.ActiveCfg = Debug|Any CPU
		{58D31673-D285-460E-AAFA-991C86491DD7}.Release|Any CPU.ActiveCfg = Release|Any CPU
		{58D31673-D285-460E-AAFA-991C86491DD7}.Release|Any CPU.Build.0 = Release|Any CPU
		{58D31673-D285-460E-AAFA-991C86491DD7}.Release|Mixed Platforms.ActiveCfg = Release|Any CPU
		{58D31673-D285-460E-AAFA-991C86491DD7}.Release|Mixed Platforms.Build.0 = Release|Any CPU
		{58D31673-D285-460E-AAFA-991C86491DD7}.Release|x86.ActiveCfg = Release|Any CPU
		{22618C82-722C-483E-B490-5EE59996AA2C}.Debug|Any CPU.ActiveCfg = Debug|x86
		{22618C82-722C-483E-B490-5EE59996AA2C}.Debug|Mixed Platforms.ActiveCfg = Debug|x86
		{22618C82-722C-483E-B490-5EE59996AA2C}.Debug|Mixed Platforms.Build.0 = Debug|x86
		{22618C82-722C-483E-B490-5EE59996AA2C}.Debug|x86.ActiveCfg = Debug|x86
		{22618C82-722C-483E-B490-5EE59996AA2C}.Debug|x86.Build.0 = Debug|x86
		{22618C82-722C-483E-B490-5EE59996AA2C}.Release|Any CPU.ActiveCfg = Release|x86
		{22618C82-722C-483E-B490-5EE59996AA2C}.Release|Mixed Platforms.ActiveCfg = Release|x86
		{22618C82-722C-483E-B490-5EE59996AA2C}.Release|Mixed Platforms.Build.0 = Release|x86
		{22618C82-722C-483E-B490-5EE59996AA2C}.Release|x86.ActiveCfg = Release|x86
		{22618C82-722C-483E-B490-5EE59996AA2C}.Release|x86.Build.0 = Release|x86
		{2C8B0F0B-898D-4168-9742-A4EF1FC469B7}.Debug|Any CPU.ActiveCfg = Debug|Any CPU
		{2C8B0F0B-898D-4168-9742-A4EF1FC469B7}.Debug|Any CPU.Build.0 = Debug|Any CPU
		{2C8B0F0B-898D-4168-9742-A4EF1FC469B7}.Debug|Mixed Platforms.ActiveCfg = Debug|Any CPU
		{2C8B0F0B-898D-4168-9742-A4EF1FC469B7}.Debug|Mixed Platforms.Build.0 = Debug|Any CPU
		{2C8B0F0B-898D-4168-9742-A4EF1FC469B7}.Debug|x86.ActiveCfg = Debug|Any CPU
		{2C8B0F0B-898D-4168-9742-A4EF1FC469B7}.Release|Any CPU.ActiveCfg = Release|Any CPU
		{2C8B0F0B-898D-4168-9742-A4EF1FC469B7}.Release|Any CPU.Build.0 = Release|Any CPU
		{2C8B0F0B-898D-4168-9742-A4EF1FC469B7}.Release|Mixed Platforms.ActiveCfg = Release|Any CPU
		{2C8B0F0B-898D-4168-9742-A4EF1FC469B7}.Release|Mixed Platforms.Build.0 = Release|Any CPU
		{2C8B0F0B-898D-4168-9742-A4EF1FC469B7}.Release|x86.ActiveCfg = Release|Any CPU
		{2526DEB6-4114-4FEB-8601-A4B4D9DB7467}.Debug|Any CPU.ActiveCfg = Debug|Any CPU
		{2526DEB6-4114-4FEB-8601-A4B4D9DB7467}.Debug|Any CPU.Build.0 = Debug|Any CPU
		{2526DEB6-4114-4FEB-8601-A4B4D9DB7467}.Debug|Mixed Platforms.ActiveCfg = Debug|Any CPU
		{2526DEB6-4114-4FEB-8601-A4B4D9DB7467}.Debug|Mixed Platforms.Build.0 = Debug|Any CPU
		{2526DEB6-4114-4FEB-8601-A4B4D9DB7467}.Debug|x86.ActiveCfg = Debug|Any CPU
		{2526DEB6-4114-4FEB-8601-A4B4D9DB7467}.Release|Any CPU.ActiveCfg = Release|Any CPU
		{2526DEB6-4114-4FEB-8601-A4B4D9DB7467}.Release|Any CPU.Build.0 = Release|Any CPU
		{2526DEB6-4114-4FEB-8601-A4B4D9DB7467}.Release|Mixed Platforms.ActiveCfg = Release|Any CPU
		{2526DEB6-4114-4FEB-8601-A4B4D9DB7467}.Release|Mixed Platforms.Build.0 = Release|Any CPU
		{2526DEB6-4114-4FEB-8601-A4B4D9DB7467}.Release|x86.ActiveCfg = Release|Any CPU
		{2A4BC558-9218-4B72-ADE3-6A7FA237AAEC}.Debug|Any CPU.ActiveCfg = Debug|Any CPU
		{2A4BC558-9218-4B72-ADE3-6A7FA237AAEC}.Debug|Any CPU.Build.0 = Debug|Any CPU
		{2A4BC558-9218-4B72-ADE3-6A7FA237AAEC}.Debug|Mixed Platforms.ActiveCfg = Debug|Any CPU
		{2A4BC558-9218-4B72-ADE3-6A7FA237AAEC}.Debug|Mixed Platforms.Build.0 = Debug|Any CPU
		{2A4BC558-9218-4B72-ADE3-6A7FA237AAEC}.Debug|x86.ActiveCfg = Debug|Any CPU
		{2A4BC558-9218-4B72-ADE3-6A7FA237AAEC}.Release|Any CPU.ActiveCfg = Release|Any CPU
		{2A4BC558-9218-4B72-ADE3-6A7FA237AAEC}.Release|Any CPU.Build.0 = Release|Any CPU
		{2A4BC558-9218-4B72-ADE3-6A7FA237AAEC}.Release|Mixed Platforms.ActiveCfg = Release|Any CPU
		{2A4BC558-9218-4B72-ADE3-6A7FA237AAEC}.Release|Mixed Platforms.Build.0 = Release|Any CPU
		{2A4BC558-9218-4B72-ADE3-6A7FA237AAEC}.Release|x86.ActiveCfg = Release|Any CPU
		{905AE039-4EB4-4703-AC79-5541CB4641B4}.Debug|Any CPU.ActiveCfg = Debug|Any CPU
		{905AE039-4EB4-4703-AC79-5541CB4641B4}.Debug|Any CPU.Build.0 = Debug|Any CPU
		{905AE039-4EB4-4703-AC79-5541CB4641B4}.Debug|Mixed Platforms.ActiveCfg = Debug|Any CPU
		{905AE039-4EB4-4703-AC79-5541CB4641B4}.Debug|Mixed Platforms.Build.0 = Debug|Any CPU
		{905AE039-4EB4-4703-AC79-5541CB4641B4}.Debug|x86.ActiveCfg = Debug|Any CPU
		{905AE039-4EB4-4703-AC79-5541CB4641B4}.Release|Any CPU.ActiveCfg = Release|Any CPU
		{905AE039-4EB4-4703-AC79-5541CB4641B4}.Release|Any CPU.Build.0 = Release|Any CPU
		{905AE039-4EB4-4703-AC79-5541CB4641B4}.Release|Mixed Platforms.ActiveCfg = Release|Any CPU
		{905AE039-4EB4-4703-AC79-5541CB4641B4}.Release|Mixed Platforms.Build.0 = Release|Any CPU
		{905AE039-4EB4-4703-AC79-5541CB4641B4}.Release|x86.ActiveCfg = Release|Any CPU
		{6318C088-E07F-4525-8A95-6F35F7FF28F2}.Debug|Any CPU.ActiveCfg = Debug|Any CPU
		{6318C088-E07F-4525-8A95-6F35F7FF28F2}.Debug|Any CPU.Build.0 = Debug|Any CPU
		{6318C088-E07F-4525-8A95-6F35F7FF28F2}.Debug|Mixed Platforms.ActiveCfg = Debug|Any CPU
		{6318C088-E07F-4525-8A95-6F35F7FF28F2}.Debug|Mixed Platforms.Build.0 = Debug|Any CPU
		{6318C088-E07F-4525-8A95-6F35F7FF28F2}.Debug|x86.ActiveCfg = Debug|Any CPU
		{6318C088-E07F-4525-8A95-6F35F7FF28F2}.Release|Any CPU.ActiveCfg = Release|Any CPU
		{6318C088-E07F-4525-8A95-6F35F7FF28F2}.Release|Any CPU.Build.0 = Release|Any CPU
		{6318C088-E07F-4525-8A95-6F35F7FF28F2}.Release|Mixed Platforms.ActiveCfg = Release|Any CPU
		{6318C088-E07F-4525-8A95-6F35F7FF28F2}.Release|Mixed Platforms.Build.0 = Release|Any CPU
		{6318C088-E07F-4525-8A95-6F35F7FF28F2}.Release|x86.ActiveCfg = Release|Any CPU
		{058BFC95-905A-41B6-BCEA-6820E7948FBF}.Debug|Any CPU.ActiveCfg = Debug|Any CPU
		{058BFC95-905A-41B6-BCEA-6820E7948FBF}.Debug|Any CPU.Build.0 = Debug|Any CPU
		{058BFC95-905A-41B6-BCEA-6820E7948FBF}.Debug|Mixed Platforms.ActiveCfg = Debug|Any CPU
		{058BFC95-905A-41B6-BCEA-6820E7948FBF}.Debug|Mixed Platforms.Build.0 = Debug|Any CPU
		{058BFC95-905A-41B6-BCEA-6820E7948FBF}.Debug|x86.ActiveCfg = Debug|Any CPU
		{058BFC95-905A-41B6-BCEA-6820E7948FBF}.Release|Any CPU.ActiveCfg = Release|Any CPU
		{058BFC95-905A-41B6-BCEA-6820E7948FBF}.Release|Any CPU.Build.0 = Release|Any CPU
		{058BFC95-905A-41B6-BCEA-6820E7948FBF}.Release|Mixed Platforms.ActiveCfg = Release|Any CPU
		{058BFC95-905A-41B6-BCEA-6820E7948FBF}.Release|Mixed Platforms.Build.0 = Release|Any CPU
		{058BFC95-905A-41B6-BCEA-6820E7948FBF}.Release|x86.ActiveCfg = Release|Any CPU
	EndGlobalSection
	GlobalSection(SolutionProperties) = preSolution
		HideSolutionNode = FALSE
	EndGlobalSection
	GlobalSection(NestedProjects) = preSolution
		{9E88EA58-47B6-4871-8EFD-8F7E9D3CB7BC} = {1FE63FE2-BB97-4AE3-930B-FE31378EA5B4}
		{76179A72-565B-4F81-8D35-874F032D410D} = {1FE63FE2-BB97-4AE3-930B-FE31378EA5B4}
		{6DE06B4B-D4AE-4ECE-89B3-842C1E3C233A} = {1FE63FE2-BB97-4AE3-930B-FE31378EA5B4}
		{44071857-A867-4C82-8C0E-18E0DF13B256} = {1FE63FE2-BB97-4AE3-930B-FE31378EA5B4}
		{C39E0BBA-AB80-4D3E-9C13-6C6BBB33EB58} = {1FE63FE2-BB97-4AE3-930B-FE31378EA5B4}
		{0A9405F4-8CDE-482C-9585-515D720FD05A} = {1FE63FE2-BB97-4AE3-930B-FE31378EA5B4}
		{7194A643-91C1-4173-913D-7D7A4A402E71} = {1FE63FE2-BB97-4AE3-930B-FE31378EA5B4}
		{C13E1458-F8C2-4FD8-BCE7-2A0E752BBAE1} = {1FE63FE2-BB97-4AE3-930B-FE31378EA5B4}
		{3564F991-56ED-40EE-8B19-97C7829BA701} = {1FE63FE2-BB97-4AE3-930B-FE31378EA5B4}
		{9C916DFC-1C1F-4404-89FA-898832B45EA1} = {1FE63FE2-BB97-4AE3-930B-FE31378EA5B4}
		{DF571B38-A2DD-4653-A5EA-3F8E41AC5571} = {1FE63FE2-BB97-4AE3-930B-FE31378EA5B4}
		{B0354C05-00D1-4E45-BBBF-18BA301587C8} = {D0D88D78-BA15-4A1A-9832-B19987A6C6FF}
		{D4A1A3F0-5BE3-41BE-B3CC-7F117597582A} = {D0D88D78-BA15-4A1A-9832-B19987A6C6FF}
		{7D3F7114-9378-4839-9400-F8B77AD2DED1} = {D0D88D78-BA15-4A1A-9832-B19987A6C6FF}
		{5DA08AA1-F29A-47FE-94D7-4DC805A09CD2} = {7D3F7114-9378-4839-9400-F8B77AD2DED1}
		{58D31673-D285-460E-AAFA-991C86491DD7} = {7D3F7114-9378-4839-9400-F8B77AD2DED1}
		{22618C82-722C-483E-B490-5EE59996AA2C} = {7D3F7114-9378-4839-9400-F8B77AD2DED1}
		{2C8B0F0B-898D-4168-9742-A4EF1FC469B7} = {B34042D7-E53D-4443-9D86-0F8ADFFC769C}
		{2526DEB6-4114-4FEB-8601-A4B4D9DB7467} = {1FE63FE2-BB97-4AE3-930B-FE31378EA5B4}
		{2A4BC558-9218-4B72-ADE3-6A7FA237AAEC} = {1FE63FE2-BB97-4AE3-930B-FE31378EA5B4}
		{905AE039-4EB4-4703-AC79-5541CB4641B4} = {1FE63FE2-BB97-4AE3-930B-FE31378EA5B4}
		{6318C088-E07F-4525-8A95-6F35F7FF28F2} = {B34042D7-E53D-4443-9D86-0F8ADFFC769C}
		{058BFC95-905A-41B6-BCEA-6820E7948FBF} = {D0D88D78-BA15-4A1A-9832-B19987A6C6FF}
	EndGlobalSection
EndGlobal
