
Microsoft Visual Studio Solution File, Format Version 12.00
# Visual Studio 14
VisualStudioVersion = 14.0.25420.1
MinimumVisualStudioVersion = 10.0.40219.1
Project("{FAE04EC0-301F-11D3-BF4B-00C04F79EFBC}") = "Shoy.FileCompare", "Shoy.FileCompare\Shoy.FileCompare.csproj", "{1D82C809-7294-4292-BCB0-9E058D92E6F6}"
EndProject
Project("{FAE04EC0-301F-11D3-BF4B-00C04F79EFBC}") = "Shoy.Shutdown", "Shoy.Shutdown\Shoy.Shutdown.csproj", "{0883CA4B-2A93-4FA7-8713-D893DBD538D0}"
EndProject
Global
	GlobalSection(SolutionConfigurationPlatforms) = preSolution
		Debug|Any CPU = Debug|Any CPU
		Release|Any CPU = Release|Any CPU
	EndGlobalSection
	GlobalSection(ProjectConfigurationPlatforms) = postSolution
		{1D82C809-7294-4292-BCB0-9E058D92E6F6}.Debug|Any CPU.ActiveCfg = Debug|Any CPU
		{1D82C809-7294-4292-BCB0-9E058D92E6F6}.Debug|Any CPU.Build.0 = Debug|Any CPU
		{1D82C809-7294-4292-BCB0-9E058D92E6F6}.Release|Any CPU.ActiveCfg = Release|Any CPU
		{1D82C809-7294-4292-BCB0-9E058D92E6F6}.Release|Any CPU.Build.0 = Release|Any CPU
		{0883CA4B-2A93-4FA7-8713-D893DBD538D0}.Debug|Any CPU.ActiveCfg = Debug|Any CPU
		{0883CA4B-2A93-4FA7-8713-D893DBD538D0}.Debug|Any CPU.Build.0 = Debug|Any CPU
		{0883CA4B-2A93-4FA7-8713-D893DBD538D0}.Release|Any CPU.ActiveCfg = Release|Any CPU
		{0883CA4B-2A93-4FA7-8713-D893DBD538D0}.Release|Any CPU.Build.0 = Release|Any CPU
	EndGlobalSection
	GlobalSection(SolutionProperties) = preSolution
		HideSolutionNode = FALSE
	EndGlobalSection
EndGlobal
